
Microsoft Visual Studio Solution File, Format Version 12.00
# Visual Studio Version 17
VisualStudioVersion = 17.10.35004.147
MinimumVisualStudioVersion = 10.0.40219.1
Project("{FAE04EC0-301F-11D3-BF4B-00C04F79EFBC}") = "Task_1", "Task_1.csproj", "{9066C0C8-3BE1-41BC-A7F0-C208851FDC42}"
EndProject
Project("{FAE04EC0-301F-11D3-BF4B-00C04F79EFBC}") = "Task_2", "Task_2\Task_2.csproj", "{BF162856-6ED7-4CD7-9CA7-44FEBC4A27C5}"
EndProject
Project("{FAE04EC0-301F-11D3-BF4B-00C04F79EFBC}") = "Task_3", "Task_3\Task_3.csproj", "{AF60A7CD-BDBD-445A-98E8-488D02B1053A}"
EndProject
Global
	GlobalSection(SolutionConfigurationPlatforms) = preSolution
		Debug|Any CPU = Debug|Any CPU
		Release|Any CPU = Release|Any CPU
	EndGlobalSection
	GlobalSection(ProjectConfigurationPlatforms) = postSolution
		{9066C0C8-3BE1-41BC-A7F0-C208851FDC42}.Debug|Any CPU.ActiveCfg = Debug|Any CPU
		{9066C0C8-3BE1-41BC-A7F0-C208851FDC42}.Debug|Any CPU.Build.0 = Debug|Any CPU
		{9066C0C8-3BE1-41BC-A7F0-C208851FDC42}.Release|Any CPU.ActiveCfg = Release|Any CPU
		{9066C0C8-3BE1-41BC-A7F0-C208851FDC42}.Release|Any CPU.Build.0 = Release|Any CPU
		{BF162856-6ED7-4CD7-9CA7-44FEBC4A27C5}.Debug|Any CPU.ActiveCfg = Debug|Any CPU
		{BF162856-6ED7-4CD7-9CA7-44FEBC4A27C5}.Debug|Any CPU.Build.0 = Debug|Any CPU
		{BF162856-6ED7-4CD7-9CA7-44FEBC4A27C5}.Release|Any CPU.ActiveCfg = Release|Any CPU
		{BF162856-6ED7-4CD7-9CA7-44FEBC4A27C5}.Release|Any CPU.Build.0 = Release|Any CPU
		{AF60A7CD-BDBD-445A-98E8-488D02B1053A}.Debug|Any CPU.ActiveCfg = Debug|Any CPU
		{AF60A7CD-BDBD-445A-98E8-488D02B1053A}.Debug|Any CPU.Build.0 = Debug|Any CPU
		{AF60A7CD-BDBD-445A-98E8-488D02B1053A}.Release|Any CPU.ActiveCfg = Release|Any CPU
		{AF60A7CD-BDBD-445A-98E8-488D02B1053A}.Release|Any CPU.Build.0 = Release|Any CPU
	EndGlobalSection
	GlobalSection(SolutionProperties) = preSolution
		HideSolutionNode = FALSE
	EndGlobalSection
	GlobalSection(ExtensibilityGlobals) = postSolution
		SolutionGuid = {8E8B55A2-D704-450C-9722-9D425E41CD4C}
	EndGlobalSection
EndGlobal
